
Microsoft Visual Studio Solution File, Format Version 12.00
# Visual Studio Version 17
VisualStudioVersion = 17.1.32414.318
MinimumVisualStudioVersion = 10.0.40219.1
Project("{FAE04EC0-301F-11D3-BF4B-00C04F79EFBC}") = "Flip Coin", "Flip Coin.csproj", "{A3C9B511-3F9A-4F4B-A626-EB0ABB1031F0}"
EndProject
Global
	GlobalSection(SolutionConfigurationPlatforms) = preSolution
		Debug|Any CPU = Debug|Any CPU
		Release|Any CPU = Release|Any CPU
	EndGlobalSection
	GlobalSection(ProjectConfigurationPlatforms) = postSolution
		{A3C9B511-3F9A-4F4B-A626-EB0ABB1031F0}.Debug|Any CPU.ActiveCfg = Debug|Any CPU
		{A3C9B511-3F9A-4F4B-A626-EB0ABB1031F0}.Debug|Any CPU.Build.0 = Debug|Any CPU
		{A3C9B511-3F9A-4F4B-A626-EB0ABB1031F0}.Release|Any CPU.ActiveCfg = Release|Any CPU
		{A3C9B511-3F9A-4F4B-A626-EB0ABB1031F0}.Release|Any CPU.Build.0 = Release|Any CPU
	EndGlobalSection
	GlobalSection(SolutionProperties) = preSolution
		HideSolutionNode = FALSE
	EndGlobalSection
	GlobalSection(ExtensibilityGlobals) = postSolution
		SolutionGuid = {CD70B882-7CEF-4B82-B2A5-7EA52DF66544}
	EndGlobalSection
EndGlobal
