
Microsoft Visual Studio Solution File, Format Version 12.00
# Visual Studio Version 17
VisualStudioVersion = 17.1.32414.318
MinimumVisualStudioVersion = 10.0.40219.1
Project("{FAE04EC0-301F-11D3-BF4B-00C04F79EFBC}") = "PerfectNumber", "PerfectNumber.csproj", "{5D36ADB1-DEB6-435F-A8CD-E614B1A0F342}"
EndProject
Global
	GlobalSection(SolutionConfigurationPlatforms) = preSolution
		Debug|Any CPU = Debug|Any CPU
		Release|Any CPU = Release|Any CPU
	EndGlobalSection
	GlobalSection(ProjectConfigurationPlatforms) = postSolution
		{5D36ADB1-DEB6-435F-A8CD-E614B1A0F342}.Debug|Any CPU.ActiveCfg = Debug|Any CPU
		{5D36ADB1-DEB6-435F-A8CD-E614B1A0F342}.Debug|Any CPU.Build.0 = Debug|Any CPU
		{5D36ADB1-DEB6-435F-A8CD-E614B1A0F342}.Release|Any CPU.ActiveCfg = Release|Any CPU
		{5D36ADB1-DEB6-435F-A8CD-E614B1A0F342}.Release|Any CPU.Build.0 = Release|Any CPU
	EndGlobalSection
	GlobalSection(SolutionProperties) = preSolution
		HideSolutionNode = FALSE
	EndGlobalSection
	GlobalSection(ExtensibilityGlobals) = postSolution
		SolutionGuid = {C4579123-BED3-4655-BBC5-1DD4EF8FE174}
	EndGlobalSection
EndGlobal
