
Microsoft Visual Studio Solution File, Format Version 12.00
# Visual Studio Version 17
VisualStudioVersion = 17.1.32414.318
MinimumVisualStudioVersion = 10.0.40219.1
Project("{FAE04EC0-301F-11D3-BF4B-00C04F79EFBC}") = "ReverseNumbers", "ReverseNumbers.csproj", "{B5491980-B0D8-47A9-8315-417A2D3F37EB}"
EndProject
Global
	GlobalSection(SolutionConfigurationPlatforms) = preSolution
		Debug|Any CPU = Debug|Any CPU
		Release|Any CPU = Release|Any CPU
	EndGlobalSection
	GlobalSection(ProjectConfigurationPlatforms) = postSolution
		{B5491980-B0D8-47A9-8315-417A2D3F37EB}.Debug|Any CPU.ActiveCfg = Debug|Any CPU
		{B5491980-B0D8-47A9-8315-417A2D3F37EB}.Debug|Any CPU.Build.0 = Debug|Any CPU
		{B5491980-B0D8-47A9-8315-417A2D3F37EB}.Release|Any CPU.ActiveCfg = Release|Any CPU
		{B5491980-B0D8-47A9-8315-417A2D3F37EB}.Release|Any CPU.Build.0 = Release|Any CPU
	EndGlobalSection
	GlobalSection(SolutionProperties) = preSolution
		HideSolutionNode = FALSE
	EndGlobalSection
	GlobalSection(ExtensibilityGlobals) = postSolution
		SolutionGuid = {2C239190-5E75-4F5D-A28D-40983B0EEDC1}
	EndGlobalSection
EndGlobal
