
Microsoft Visual Studio Solution File, Format Version 12.00
# Visual Studio Version 17
VisualStudioVersion = 17.1.32414.318
MinimumVisualStudioVersion = 10.0.40219.1
Project("{FAE04EC0-301F-11D3-BF4B-00C04F79EFBC}") = "Factors", "Factors.csproj", "{AAD83EF5-0ADE-4FC9-A403-C26B77C32807}"
EndProject
Global
	GlobalSection(SolutionConfigurationPlatforms) = preSolution
		Debug|Any CPU = Debug|Any CPU
		Release|Any CPU = Release|Any CPU
	EndGlobalSection
	GlobalSection(ProjectConfigurationPlatforms) = postSolution
		{AAD83EF5-0ADE-4FC9-A403-C26B77C32807}.Debug|Any CPU.ActiveCfg = Debug|Any CPU
		{AAD83EF5-0ADE-4FC9-A403-C26B77C32807}.Debug|Any CPU.Build.0 = Debug|Any CPU
		{AAD83EF5-0ADE-4FC9-A403-C26B77C32807}.Release|Any CPU.ActiveCfg = Release|Any CPU
		{AAD83EF5-0ADE-4FC9-A403-C26B77C32807}.Release|Any CPU.Build.0 = Release|Any CPU
	EndGlobalSection
	GlobalSection(SolutionProperties) = preSolution
		HideSolutionNode = FALSE
	EndGlobalSection
	GlobalSection(ExtensibilityGlobals) = postSolution
		SolutionGuid = {DBC17BFA-8409-4B33-ABCA-622B245B9673}
	EndGlobalSection
EndGlobal
