
Microsoft Visual Studio Solution File, Format Version 12.00
# Visual Studio Version 17
VisualStudioVersion = 17.1.32414.318
MinimumVisualStudioVersion = 10.0.40219.1
Project("{FAE04EC0-301F-11D3-BF4B-00C04F79EFBC}") = "Day_Of_Week", "Day_Of_Week.csproj", "{F59C27A1-16F0-4EB4-B6B3-1887046128E4}"
EndProject
Global
	GlobalSection(SolutionConfigurationPlatforms) = preSolution
		Debug|Any CPU = Debug|Any CPU
		Release|Any CPU = Release|Any CPU
	EndGlobalSection
	GlobalSection(ProjectConfigurationPlatforms) = postSolution
		{F59C27A1-16F0-4EB4-B6B3-1887046128E4}.Debug|Any CPU.ActiveCfg = Debug|Any CPU
		{F59C27A1-16F0-4EB4-B6B3-1887046128E4}.Debug|Any CPU.Build.0 = Debug|Any CPU
		{F59C27A1-16F0-4EB4-B6B3-1887046128E4}.Release|Any CPU.ActiveCfg = Release|Any CPU
		{F59C27A1-16F0-4EB4-B6B3-1887046128E4}.Release|Any CPU.Build.0 = Release|Any CPU
	EndGlobalSection
	GlobalSection(SolutionProperties) = preSolution
		HideSolutionNode = FALSE
	EndGlobalSection
	GlobalSection(ExtensibilityGlobals) = postSolution
		SolutionGuid = {F734368C-9C36-43B4-B690-A6C13BB2AFF6}
	EndGlobalSection
EndGlobal
