
Microsoft Visual Studio Solution File, Format Version 12.00
# Visual Studio Version 17
VisualStudioVersion = 17.1.32414.318
MinimumVisualStudioVersion = 10.0.40219.1
Project("{FAE04EC0-301F-11D3-BF4B-00C04F79EFBC}") = "10 . Largest 3 numbers", "10 . Largest 3 numbers.csproj", "{CAA38F1E-3950-4742-A50B-141C4DA68E38}"
EndProject
Global
	GlobalSection(SolutionConfigurationPlatforms) = preSolution
		Debug|Any CPU = Debug|Any CPU
		Release|Any CPU = Release|Any CPU
	EndGlobalSection
	GlobalSection(ProjectConfigurationPlatforms) = postSolution
		{CAA38F1E-3950-4742-A50B-141C4DA68E38}.Debug|Any CPU.ActiveCfg = Debug|Any CPU
		{CAA38F1E-3950-4742-A50B-141C4DA68E38}.Debug|Any CPU.Build.0 = Debug|Any CPU
		{CAA38F1E-3950-4742-A50B-141C4DA68E38}.Release|Any CPU.ActiveCfg = Release|Any CPU
		{CAA38F1E-3950-4742-A50B-141C4DA68E38}.Release|Any CPU.Build.0 = Release|Any CPU
	EndGlobalSection
	GlobalSection(SolutionProperties) = preSolution
		HideSolutionNode = FALSE
	EndGlobalSection
	GlobalSection(ExtensibilityGlobals) = postSolution
		SolutionGuid = {F5B1A23E-CF4E-41B6-98D3-6837F272E3B3}
	EndGlobalSection
EndGlobal
